// !$*UTF8*$!
{
	archiveVersion = 1;
	classes = {
	};
	objectVersion = 55;
	objects = {

/* Begin PBXBuildFile section */
		9B799B3F279AD272005482AF /* WalkThroughVC.swift in Sources */ = {isa = PBXBuildFile; fileRef = 9B799B3E279AD272005482AF /* WalkThroughVC.swift */; };
		9BB5B26B279AB09100E54613 /* AppDelegate.swift in Sources */ = {isa = PBXBuildFile; fileRef = 9BB5B26A279AB09100E54613 /* AppDelegate.swift */; };
		9BB5B26D279AB09100E54613 /* SceneDelegate.swift in Sources */ = {isa = PBXBuildFile; fileRef = 9BB5B26C279AB09100E54613 /* SceneDelegate.swift */; };
		9BB5B26F279AB09100E54613 /* ViewController.swift in Sources */ = {isa = PBXBuildFile; fileRef = 9BB5B26E279AB09100E54613 /* ViewController.swift */; };
		9BB5B272279AB09100E54613 /* Main.storyboard in Resources */ = {isa = PBXBuildFile; fileRef = 9BB5B270279AB09100E54613 /* Main.storyboard */; };
		9BB5B274279AB09200E54613 /* Assets.xcassets in Resources */ = {isa = PBXBuildFile; fileRef = 9BB5B273279AB09200E54613 /* Assets.xcassets */; };
		9BB5B277279AB09200E54613 /* LaunchScreen.storyboard in Resources */ = {isa = PBXBuildFile; fileRef = 9BB5B275279AB09200E54613 /* LaunchScreen.storyboard */; };
		9BB5B280279AB2D500E54613 /* Interface.storyboard in Resources */ = {isa = PBXBuildFile; fileRef = 9BB5B27F279AB2D500E54613 /* Interface.storyboard */; };
		9BB5B285279AC26F00E54613 /* WalkThroughContentVC.swift in Sources */ = {isa = PBXBuildFile; fileRef = 9BB5B284279AC26F00E54613 /* WalkThroughContentVC.swift */; };
		9BB5B287279AC6CA00E54613 /* WalkThroughPageVC.swift in Sources */ = {isa = PBXBuildFile; fileRef = 9BB5B286279AC6CA00E54613 /* WalkThroughPageVC.swift */; };
/* End PBXBuildFile section */

/* Begin PBXFileReference section */
		9B799B3E279AD272005482AF /* WalkThroughVC.swift */ = {isa = PBXFileReference; lastKnownFileType = sourcecode.swift; path = WalkThroughVC.swift; sourceTree = "<group>"; };
		9BB5B267279AB09100E54613 /* WelcomeInterface.app */ = {isa = PBXFileReference; explicitFileType = wrapper.application; includeInIndex = 0; path = WelcomeInterface.app; sourceTree = BUILT_PRODUCTS_DIR; };
		9BB5B26A279AB09100E54613 /* AppDelegate.swift */ = {isa = PBXFileReference; lastKnownFileType = sourcecode.swift; path = AppDelegate.swift; sourceTree = "<group>"; };
		9BB5B26C279AB09100E54613 /* SceneDelegate.swift */ = {isa = PBXFileReference; lastKnownFileType = sourcecode.swift; path = SceneDelegate.swift; sourceTree = "<group>"; };
		9BB5B26E279AB09100E54613 /* ViewController.swift */ = {isa = PBXFileReference; lastKnownFileType = sourcecode.swift; path = ViewController.swift; sourceTree = "<group>"; };
		9BB5B271279AB09100E54613 /* Base */ = {isa = PBXFileReference; lastKnownFileType = file.storyboard; name = Base; path = Base.lproj/Main.storyboard; sourceTree = "<group>"; };
		9BB5B273279AB09200E54613 /* Assets.xcassets */ = {isa = PBXFileReference; lastKnownFileType = folder.assetcatalog; path = Assets.xcassets; sourceTree = "<group>"; };
		9BB5B276279AB09200E54613 /* Base */ = {isa = PBXFileReference; lastKnownFileType = file.storyboard; name = Base; path = Base.lproj/LaunchScreen.storyboard; sourceTree = "<group>"; };
		9BB5B278279AB09200E54613 /* Info.plist */ = {isa = PBXFileReference; lastKnownFileType = text.plist.xml; path = Info.plist; sourceTree = "<group>"; };
		9BB5B27F279AB2D500E54613 /* Interface.storyboard */ = {isa = PBXFileReference; lastKnownFileType = file.storyboard; path = Interface.storyboard; sourceTree = "<group>"; };
		9BB5B284279AC26F00E54613 /* WalkThroughContentVC.swift */ = {isa = PBXFileReference; lastKnownFileType = sourcecode.swift; path = WalkThroughContentVC.swift; sourceTree = "<group>"; };
		9BB5B286279AC6CA00E54613 /* WalkThroughPageVC.swift */ = {isa = PBXFileReference; lastKnownFileType = sourcecode.swift; path = WalkThroughPageVC.swift; sourceTree = "<group>"; };
/* End PBXFileReference section */

/* Begin PBXFrameworksBuildPhase section */
		9BB5B264279AB09100E54613 /* Frameworks */ = {
			isa = PBXFrameworksBuildPhase;
			buildActionMask = 2147483647;
			files = (
			);
			runOnlyForDeploymentPostprocessing = 0;
		};
/* End PBXFrameworksBuildPhase section */

/* Begin PBXGroup section */
		9BB5B25E279AB09100E54613 = {
			isa = PBXGroup;
			children = (
				9BB5B269279AB09100E54613 /* WelcomeInterface */,
				9BB5B268279AB09100E54613 /* Products */,
			);
			sourceTree = "<group>";
		};
		9BB5B268279AB09100E54613 /* Products */ = {
			isa = PBXGroup;
			children = (
				9BB5B267279AB09100E54613 /* WelcomeInterface.app */,
			);
			name = Products;
			sourceTree = "<group>";
		};
		9BB5B269279AB09100E54613 /* WelcomeInterface */ = {
			isa = PBXGroup;
			children = (
				9BB5B281279AC1C200E54613 /* Controller */,
				9BB5B27E279AB2A600E54613 /* SB */,
				9BB5B26A279AB09100E54613 /* AppDelegate.swift */,
				9BB5B26C279AB09100E54613 /* SceneDelegate.swift */,
				9BB5B273279AB09200E54613 /* Assets.xcassets */,
				9BB5B275279AB09200E54613 /* LaunchScreen.storyboard */,
				9BB5B278279AB09200E54613 /* Info.plist */,
			);
			path = WelcomeInterface;
			sourceTree = "<group>";
		};
		9BB5B27E279AB2A600E54613 /* SB */ = {
			isa = PBXGroup;
			children = (
				9BB5B270279AB09100E54613 /* Main.storyboard */,
				9BB5B27F279AB2D500E54613 /* Interface.storyboard */,
			);
			path = SB;
			sourceTree = "<group>";
		};
		9BB5B281279AC1C200E54613 /* Controller */ = {
			isa = PBXGroup;
			children = (
				9BB5B26E279AB09100E54613 /* ViewController.swift */,
				9BB5B284279AC26F00E54613 /* WalkThroughContentVC.swift */,
				9BB5B286279AC6CA00E54613 /* WalkThroughPageVC.swift */,
				9B799B3E279AD272005482AF /* WalkThroughVC.swift */,
			);
			path = Controller;
			sourceTree = "<group>";
		};
/* End PBXGroup section */

/* Begin PBXNativeTarget section */
		9BB5B266279AB09100E54613 /* WelcomeInterface */ = {
			isa = PBXNativeTarget;
			buildConfigurationList = 9BB5B27B279AB09200E54613 /* Build configuration list for PBXNativeTarget "WelcomeInterface" */;
			buildPhases = (
				9BB5B263279AB09100E54613 /* Sources */,
				9BB5B264279AB09100E54613 /* Frameworks */,
				9BB5B265279AB09100E54613 /* Resources */,
			);
			buildRules = (
			);
			dependencies = (
			);
			name = WelcomeInterface;
			productName = WelcomeInterface;
			productReference = 9BB5B267279AB09100E54613 /* WelcomeInterface.app */;
			productType = "com.apple.product-type.application";
		};
/* End PBXNativeTarget section */

/* Begin PBXProject section */
		9BB5B25F279AB09100E54613 /* Project object */ = {
			isa = PBXProject;
			attributes = {
				BuildIndependentTargetsInParallel = 1;
				LastSwiftUpdateCheck = 1320;
				LastUpgradeCheck = 1320;
				TargetAttributes = {
					9BB5B266279AB09100E54613 = {
						CreatedOnToolsVersion = 13.2.1;
					};
				};
			};
			buildConfigurationList = 9BB5B262279AB09100E54613 /* Build configuration list for PBXProject "WelcomeInterface" */;
			compatibilityVersion = "Xcode 13.0";
			developmentRegion = en;
			hasScannedForEncodings = 0;
			knownRegions = (
				en,
				Base,
			);
			mainGroup = 9BB5B25E279AB09100E54613;
			productRefGroup = 9BB5B268279AB09100E54613 /* Products */;
			projectDirPath = "";
			projectRoot = "";
			targets = (
				9BB5B266279AB09100E54613 /* WelcomeInterface */,
			);
		};
/* End PBXProject section */

/* Begin PBXResourcesBuildPhase section */
		9BB5B265279AB09100E54613 /* Resources */ = {
			isa = PBXResourcesBuildPhase;
			buildActionMask = 2147483647;
			files = (
				9BB5B280279AB2D500E54613 /* Interface.storyboard in Resources */,
				9BB5B277279AB09200E54613 /* LaunchScreen.storyboard in Resources */,
				9BB5B274279AB09200E54613 /* Assets.xcassets in Resources */,
				9BB5B272279AB09100E54613 /* Main.storyboard in Resources */,
			);
			runOnlyForDeploymentPostprocessing = 0;
		};
/* End PBXResourcesBuildPhase section */

/* Begin PBXSourcesBuildPhase section */
		9BB5B263279AB09100E54613 /* Sources */ = {
			isa = PBXSourcesBuildPhase;
			buildActionMask = 2147483647;
			files = (
				9BB5B26F279AB09100E54613 /* ViewController.swift in Sources */,
				9BB5B287279AC6CA00E54613 /* WalkThroughPageVC.swift in Sources */,
				9BB5B285279AC26F00E54613 /* WalkThroughContentVC.swift in Sources */,
				9BB5B26B279AB09100E54613 /* AppDelegate.swift in Sources */,
				9BB5B26D279AB09100E54613 /* SceneDelegate.swift in Sources */,
				9B799B3F279AD272005482AF /* WalkThroughVC.swift in Sources */,
			);
			runOnlyForDeploymentPostprocessing = 0;
		};
/* End PBXSourcesBuildPhase section */

/* Begin PBXVariantGroup section */
		9BB5B270279AB09100E54613 /* Main.storyboard */ = {
			isa = PBXVariantGroup;
			children = (
				9BB5B271279AB09100E54613 /* Base */,
			);
			name = Main.storyboard;
			sourceTree = "<group>";
		};
		9BB5B275279AB09200E54613 /* LaunchScreen.storyboard */ = {
			isa = PBXVariantGroup;
			children = (
				9BB5B276279AB09200E54613 /* Base */,
			);
			name = LaunchScreen.storyboard;
			sourceTree = "<group>";
		};
/* End PBXVariantGroup section */

/* Begin XCBuildConfiguration section */
		9BB5B279279AB09200E54613 /* Debug */ = {
			isa = XCBuildConfiguration;
			buildSettings = {
				ALWAYS_SEARCH_USER_PATHS = NO;
				CLANG_ANALYZER_NONNULL = YES;
				CLANG_ANALYZER_NUMBER_OBJECT_CONVERSION = YES_AGGRESSIVE;
				CLANG_CXX_LANGUAGE_STANDARD = "gnu++17";
				CLANG_CXX_LIBRARY = "libc++";
				CLANG_ENABLE_MODULES = YES;
				CLANG_ENABLE_OBJC_ARC = YES;
				CLANG_ENABLE_OBJC_WEAK = YES;
				CLANG_WARN_BLOCK_CAPTURE_AUTORELEASING = YES;
				CLANG_WARN_BOOL_CONVERSION = YES;
				CLANG_WARN_COMMA = YES;
				CLANG_WARN_CONSTANT_CONVERSION = YES;
				CLANG_WARN_DEPRECATED_OBJC_IMPLEMENTATIONS = YES;
				CLANG_WARN_DIRECT_OBJC_ISA_USAGE = YES_ERROR;
				CLANG_WARN_DOCUMENTATION_COMMENTS = YES;
				CLANG_WARN_EMPTY_BODY = YES;
				CLANG_WARN_ENUM_CONVERSION = YES;
				CLANG_WARN_INFINITE_RECURSION = YES;
				CLANG_WARN_INT_CONVERSION = YES;
				CLANG_WARN_NON_LITERAL_NULL_CONVERSION = YES;
				CLANG_WARN_OBJC_IMPLICIT_RETAIN_SELF = YES;
				CLANG_WARN_OBJC_LITERAL_CONVERSION = YES;
				CLANG_WARN_OBJC_ROOT_CLASS = YES_ERROR;
				CLANG_WARN_QUOTED_INCLUDE_IN_FRAMEWORK_HEADER = YES;
				CLANG_WARN_RANGE_LOOP_ANALYSIS = YES;
				CLANG_WARN_STRICT_PROTOTYPES = YES;
				CLANG_WARN_SUSPICIOUS_MOVE = YES;
				CLANG_WARN_UNGUARDED_AVAILABILITY = YES_AGGRESSIVE;
				CLANG_WARN_UNREACHABLE_CODE = YES;
				CLANG_WARN__DUPLICATE_METHOD_MATCH = YES;
				COPY_PHASE_STRIP = NO;
				DEBUG_INFORMATION_FORMAT = dwarf;
				ENABLE_STRICT_OBJC_MSGSEND = YES;
				ENABLE_TESTABILITY = YES;
				GCC_C_LANGUAGE_STANDARD = gnu11;
				GCC_DYNAMIC_NO_PIC = NO;
				GCC_NO_COMMON_BLOCKS = YES;
				GCC_OPTIMIZATION_LEVEL = 0;
				GCC_PREPROCESSOR_DEFINITIONS = (
					"DEBUG=1",
					"$(inherited)",
				);
				GCC_WARN_64_TO_32_BIT_CONVERSION = YES;
				GCC_WARN_ABOUT_RETURN_TYPE = YES_ERROR;
				GCC_WARN_UNDECLARED_SELECTOR = YES;
				GCC_WARN_UNINITIALIZED_AUTOS = YES_AGGRESSIVE;
				GCC_WARN_UNUSED_FUNCTION = YES;
				GCC_WARN_UNUSED_VARIABLE = YES;
				IPHONEOS_DEPLOYMENT_TARGET = 15.2;
				MTL_ENABLE_DEBUG_INFO = INCLUDE_SOURCE;
				MTL_FAST_MATH = YES;
				ONLY_ACTIVE_ARCH = YES;
				SDKROOT = iphoneos;
				SWIFT_ACTIVE_COMPILATION_CONDITIONS = DEBUG;
				SWIFT_OPTIMIZATION_LEVEL = "-Onone";
			};
			name = Debug;
		};
		9BB5B27A279AB09200E54613 /* Release */ = {
			isa = XCBuildConfiguration;
			buildSettings = {
				ALWAYS_SEARCH_USER_PATHS = NO;
				CLANG_ANALYZER_NONNULL = YES;
				CLANG_ANALYZER_NUMBER_OBJECT_CONVERSION = YES_AGGRESSIVE;
				CLANG_CXX_LANGUAGE_STANDARD = "gnu++17";
				CLANG_CXX_LIBRARY = "libc++";
				CLANG_ENABLE_MODULES = YES;
				CLANG_ENABLE_OBJC_ARC = YES;
				CLANG_ENABLE_OBJC_WEAK = YES;
				CLANG_WARN_BLOCK_CAPTURE_AUTORELEASING = YES;
				CLANG_WARN_BOOL_CONVERSION = YES;
				CLANG_WARN_COMMA = YES;
				CLANG_WARN_CONSTANT_CONVERSION = YES;
				CLANG_WARN_DEPRECATED_OBJC_IMPLEMENTATIONS = YES;
				CLANG_WARN_DIRECT_OBJC_ISA_USAGE = YES_ERROR;
				CLANG_WARN_DOCUMENTATION_COMMENTS = YES;
				CLANG_WARN_EMPTY_BODY = YES;
				CLANG_WARN_ENUM_CONVERSION = YES;
				CLANG_WARN_INFINITE_RECURSION = YES;
				CLANG_WARN_INT_CONVERSION = YES;
				CLANG_WARN_NON_LITERAL_NULL_CONVERSION = YES;
				CLANG_WARN_OBJC_IMPLICIT_RETAIN_SELF = YES;
				CLANG_WARN_OBJC_LITERAL_CONVERSION = YES;
				CLANG_WARN_OBJC_ROOT_CLASS = YES_ERROR;
				CLANG_WARN_QUOTED_INCLUDE_IN_FRAMEWORK_HEADER = YES;
				CLANG_WARN_RANGE_LOOP_ANALYSIS = YES;
				CLANG_WARN_STRICT_PROTOTYPES = YES;
				CLANG_WARN_SUSPICIOUS_MOVE = YES;
				CLANG_WARN_UNGUARDED_AVAILABILITY = YES_AGGRESSIVE;
				CLANG_WARN_UNREACHABLE_CODE = YES;
				CLANG_WARN__DUPLICATE_METHOD_MATCH = YES;
				COPY_PHASE_STRIP = NO;
				DEBUG_INFORMATION_FORMAT = "dwarf-with-dsym";
				ENABLE_NS_ASSERTIONS = NO;
				ENABLE_STRICT_OBJC_MSGSEND = YES;
				GCC_C_LANGUAGE_STANDARD = gnu11;
				GCC_NO_COMMON_BLOCKS = YES;
				GCC_WARN_64_TO_32_BIT_CONVERSION = YES;
				GCC_WARN_ABOUT_RETURN_TYPE = YES_ERROR;
				GCC_WARN_UNDECLARED_SELECTOR = YES;
				GCC_WARN_UNINITIALIZED_AUTOS = YES_AGGRESSIVE;
				GCC_WARN_UNUSED_FUNCTION = YES;
				GCC_WARN_UNUSED_VARIABLE = YES;
				IPHONEOS_DEPLOYMENT_TARGET = 15.2;
				MTL_ENABLE_DEBUG_INFO = NO;
				MTL_FAST_MATH = YES;
				SDKROOT = iphoneos;
				SWIFT_COMPILATION_MODE = wholemodule;
				SWIFT_OPTIMIZATION_LEVEL = "-O";
				VALIDATE_PRODUCT = YES;
			};
			name = Release;
		};
		9BB5B27C279AB09200E54613 /* Debug */ = {
			isa = XCBuildConfiguration;
			buildSettings = {
				ASSETCATALOG_COMPILER_APPICON_NAME = AppIcon;
				ASSETCATALOG_COMPILER_GLOBAL_ACCENT_COLOR_NAME = AccentColor;
				CODE_SIGN_STYLE = Automatic;
				CURRENT_PROJECT_VERSION = 1;
				DEVELOPMENT_TEAM = 2YPZR8TZNC;
				GENERATE_INFOPLIST_FILE = YES;
				INFOPLIST_FILE = WelcomeInterface/Info.plist;
				INFOPLIST_KEY_CFBundleDisplayName = "欢迎界面";
				INFOPLIST_KEY_UIApplicationSupportsIndirectInputEvents = YES;
				INFOPLIST_KEY_UILaunchStoryboardName = LaunchScreen;
				INFOPLIST_KEY_UIMainStoryboardFile = Main;
				INFOPLIST_KEY_UISupportedInterfaceOrientations = UIInterfaceOrientationPortrait;
				INFOPLIST_KEY_UISupportedInterfaceOrientations_iPad = "UIInterfaceOrientationPortrait UIInterfaceOrientationPortraitUpsideDown UIInterfaceOrientationLandscapeLeft UIInterfaceOrientationLandscapeRight";
				INFOPLIST_KEY_UISupportedInterfaceOrientations_iPhone = "UIInterfaceOrientationPortrait UIInterfaceOrientationLandscapeLeft UIInterfaceOrientationLandscapeRight";
				LD_RUNPATH_SEARCH_PATHS = (
					"$(inherited)",
					"@executable_path/Frameworks",
				);
				MARKETING_VERSION = 1.0;
				PRODUCT_BUNDLE_IDENTIFIER = "-985100818-qq.com.WelcomeInterface";
				PRODUCT_NAME = "$(TARGET_NAME)";
				SWIFT_EMIT_LOC_STRINGS = YES;
				SWIFT_VERSION = 5.0;
				TARGETED_DEVICE_FAMILY = "1,2";
			};
			name = Debug;
		};
		9BB5B27D279AB09200E54613 /* Release */ = {
			isa = XCBuildConfiguration;
			buildSettings = {
				ASSETCATALOG_COMPILER_APPICON_NAME = AppIcon;
				ASSETCATALOG_COMPILER_GLOBAL_ACCENT_COLOR_NAME = AccentColor;
				CODE_SIGN_STYLE = Automatic;
				CURRENT_PROJECT_VERSION = 1;
				DEVELOPMENT_TEAM = 2YPZR8TZNC;
				GENERATE_INFOPLIST_FILE = YES;
				INFOPLIST_FILE = WelcomeInterface/Info.plist;
				INFOPLIST_KEY_CFBundleDisplayName = "欢迎界面";
				INFOPLIST_KEY_UIApplicationSupportsIndirectInputEvents = YES;
				INFOPLIST_KEY_UILaunchStoryboardName = LaunchScreen;
				INFOPLIST_KEY_UIMainStoryboardFile = Main;
				INFOPLIST_KEY_UISupportedInterfaceOrientations = UIInterfaceOrientationPortrait;
				INFOPLIST_KEY_UISupportedInterfaceOrientations_iPad = "UIInterfaceOrientationPortrait UIInterfaceOrientationPortraitUpsideDown UIInterfaceOrientationLandscapeLeft UIInterfaceOrientationLandscapeRight";
				INFOPLIST_KEY_UISupportedInterfaceOrientations_iPhone = "UIInterfaceOrientationPortrait UIInterfaceOrientationLandscapeLeft UIInterfaceOrientationLandscapeRight";
				LD_RUNPATH_SEARCH_PATHS = (
					"$(inherited)",
					"@executable_path/Frameworks",
				);
				MARKETING_VERSION = 1.0;
				PRODUCT_BUNDLE_IDENTIFIER = "-985100818-qq.com.WelcomeInterface";
				PRODUCT_NAME = "$(TARGET_NAME)";
				SWIFT_EMIT_LOC_STRINGS = YES;
				SWIFT_VERSION = 5.0;
				TARGETED_DEVICE_FAMILY = "1,2";
			};
			name = Release;
		};
/* End XCBuildConfiguration section */

/* Begin XCConfigurationList section */
		9BB5B262279AB09100E54613 /* Build configuration list for PBXProject "WelcomeInterface" */ = {
			isa = XCConfigurationList;
			buildConfigurations = (
				9BB5B279279AB09200E54613 /* Debug */,
				9BB5B27A279AB09200E54613 /* Release */,
			);
			defaultConfigurationIsVisible = 0;
			defaultConfigurationName = Release;
		};
		9BB5B27B279AB09200E54613 /* Build configuration list for PBXNativeTarget "WelcomeInterface" */ = {
			isa = XCConfigurationList;
			buildConfigurations = (
				9BB5B27C279AB09200E54613 /* Debug */,
				9BB5B27D279AB09200E54613 /* Release */,
			);
			defaultConfigurationIsVisible = 0;
			defaultConfigurationName = Release;
		};
/* End XCConfigurationList section */
	};
	rootObject = 9BB5B25F279AB09100E54613 /* Project object */;
}
